{
  "pins" : [
    {
      "identity" : "predicatekit",
      "kind" : "remoteSourceControl",
      "location" : "https://github.com/ftchirou/PredicateKit.git",
      "state" : {
        "revision" : "b7f9071ebf9cb7fa7115cbc4c186bf158ea0c24a",
        "version" : "1.4.0"
      }
    },
    {
      "identity" : "then",
      "kind" : "remoteSourceControl",
      "location" : "https://github.com/devxoul/Then",
      "state" : {
        "revision" : "e421a7b3440a271834337694e6050133a3958bc7",
        "version" : "2.7.0"
      }
    }
  ],
  "version" : 2
}
