{
  "pins" : [
    {
      "identity" : "logrocket-ios-swift-package",
      "kind" : "remoteSourceControl",
      "location" : "https://github.com/LogRocket/logrocket-ios-swift-package",
      "state" : {
        "revision" : "fdebe3668bc02d5546bdd409cb8e507bffcf4fef",
        "version" : "1.6.2"
      }
    },
    {
      "identity" : "predicatekit",
      "kind" : "remoteSourceControl",
      "location" : "https://github.com/ftchirou/PredicateKit.git",
      "state" : {
        "revision" : "ecb1d4313d12b4be0780e7a2a8f3086ea1cfbbc0",
        "version" : "1.5.0"
      }
    },
    {
      "identity" : "then",
      "kind" : "remoteSourceControl",
      "location" : "https://github.com/devxoul/Then",
      "state" : {
        "revision" : "e421a7b3440a271834337694e6050133a3958bc7",
        "version" : "2.7.0"
      }
    }
  ],
  "version" : 2
}
