// !$*UTF8*$!
{
	archiveVersion = 1;
	classes = {
	};
	objectVersion = 48;
	objects = {

/* Begin PBXBuildFile section */
		4A0683D1207A581D00EB06D7 /* ResultsView.swift in Sources */ = {isa = PBXBuildFile; fileRef = 4A0683D0207A581D00EB06D7 /* ResultsView.swift */; };
		4A1B178120C3F6E200E1F1B2 /* ToxicityView.swift in Sources */ = {isa = PBXBuildFile; fileRef = 4A1B178020C3F6E200E1F1B2 /* ToxicityView.swift */; };
		4A1F76012079606B0082B873 /* RecognizeVC.swift in Sources */ = {isa = PBXBuildFile; fileRef = 4A1F76002079606B0082B873 /* RecognizeVC.swift */; };
		4A1F7605207966180082B873 /* ImageVC.swift in Sources */ = {isa = PBXBuildFile; fileRef = 4A1F7604207966180082B873 /* ImageVC.swift */; };
		4A1F760720796A510082B873 /* PhotoCell.swift in Sources */ = {isa = PBXBuildFile; fileRef = 4A1F760620796A510082B873 /* PhotoCell.swift */; };
		4A1F7609207A31150082B873 /* RecognizeView.swift in Sources */ = {isa = PBXBuildFile; fileRef = 4A1F7608207A31150082B873 /* RecognizeView.swift */; };
		4A28AB84204440FB00F21EEE /* DataService.swift in Sources */ = {isa = PBXBuildFile; fileRef = 4A28AB83204440FB00F21EEE /* DataService.swift */; };
		4A28AB872044413100F21EEE /* Constants.swift in Sources */ = {isa = PBXBuildFile; fileRef = 4A28AB862044413100F21EEE /* Constants.swift */; };
		4A28AB8B2044454200F21EEE /* GradientView.swift in Sources */ = {isa = PBXBuildFile; fileRef = 4A28AB8A2044454200F21EEE /* GradientView.swift */; };
		4A28AB8D20444B0300F21EEE /* AppProperties.swift in Sources */ = {isa = PBXBuildFile; fileRef = 4A28AB8C20444B0300F21EEE /* AppProperties.swift */; };
		4A300A90208365DC003CB2A5 /* ObservationPinView.swift in Sources */ = {isa = PBXBuildFile; fileRef = 4A300A8F208365DC003CB2A5 /* ObservationPinView.swift */; };
		4A300A92208388C3003CB2A5 /* ObservationPinCalloutView.swift in Sources */ = {isa = PBXBuildFile; fileRef = 4A300A91208388C3003CB2A5 /* ObservationPinCalloutView.swift */; };
		4A3061E12053F4840061E98F /* MushroomTableView.swift in Sources */ = {isa = PBXBuildFile; fileRef = 4A3061E02053F4840061E98F /* MushroomTableView.swift */; };
		4A40CD70209217B500F58F25 /* Observation.swift in Sources */ = {isa = PBXBuildFile; fileRef = 4A40CD6F209217B500F58F25 /* Observation.swift */; };
		4A40CD722093325100F58F25 /* ClusterPinView.swift in Sources */ = {isa = PBXBuildFile; fileRef = 4A40CD712093325100F58F25 /* ClusterPinView.swift */; };
		4A40CD772094CBF000F58F25 /* ClusterPinCalloutView.swift in Sources */ = {isa = PBXBuildFile; fileRef = 4A40CD762094CBF000F58F25 /* ClusterPinCalloutView.swift */; };
		4A4A8043207CA69D00041018 /* MapVC.swift in Sources */ = {isa = PBXBuildFile; fileRef = 4A4A8042207CA69D00041018 /* MapVC.swift */; };
		4A4A8045207CD48900041018 /* LocationBackground.swift in Sources */ = {isa = PBXBuildFile; fileRef = 4A4A8044207CD48900041018 /* LocationBackground.swift */; };
		4A4AE30B2070181000178BFB /* MushroomCell.swift in Sources */ = {isa = PBXBuildFile; fileRef = 4A4AE30A2070181000178BFB /* MushroomCell.swift */; };
		4A4AE30D207020E900178BFB /* ShowImageAnimationController.swift in Sources */ = {isa = PBXBuildFile; fileRef = 4A4AE30C207020E900178BFB /* ShowImageAnimationController.swift */; };
		4A4E4CFF20AE00AD00B3F898 /* CustomNavigationControllerViewController.swift in Sources */ = {isa = PBXBuildFile; fileRef = 4A4E4CFE20AE00AD00B3F898 /* CustomNavigationControllerViewController.swift */; };
		4A53026B209888E50043C1D3 /* CustomMapView.swift in Sources */ = {isa = PBXBuildFile; fileRef = 4A53026A209888E50043C1D3 /* CustomMapView.swift */; };
		4A54F67220AB2C2F001C8EC8 /* ListView.swift in Sources */ = {isa = PBXBuildFile; fileRef = 4A54F67120AB2C2F001C8EC8 /* ListView.swift */; };
		4A54F67420AB413B001C8EC8 /* NavigationItem.swift in Sources */ = {isa = PBXBuildFile; fileRef = 4A54F67320AB413B001C8EC8 /* NavigationItem.swift */; };
		4A6052D8208C95730078AF66 /* FavoritesBackground.swift in Sources */ = {isa = PBXBuildFile; fileRef = 4A6052D7208C95730078AF66 /* FavoritesBackground.swift */; };
		4A69457620456C010041824E /* NavigationVC.swift in Sources */ = {isa = PBXBuildFile; fileRef = 4A69457520456C010041824E /* NavigationVC.swift */; };
		4A69457820456CD60041824E /* SideMenuStaticCell.swift in Sources */ = {isa = PBXBuildFile; fileRef = 4A69457720456CD60041824E /* SideMenuStaticCell.swift */; };
		4A69BC7A2038D96500D3B88B /* AppDelegate.swift in Sources */ = {isa = PBXBuildFile; fileRef = 4A69BC792038D96500D3B88B /* AppDelegate.swift */; };
		4A69BC7C2038D96500D3B88B /* MushroomVC.swift in Sources */ = {isa = PBXBuildFile; fileRef = 4A69BC7B2038D96500D3B88B /* MushroomVC.swift */; };
		4A69BC7F2038D96500D3B88B /* Main.storyboard in Resources */ = {isa = PBXBuildFile; fileRef = 4A69BC7D2038D96500D3B88B /* Main.storyboard */; };
		4A69BC822038D96500D3B88B /* SvampeAtlas.xcdatamodeld in Sources */ = {isa = PBXBuildFile; fileRef = 4A69BC802038D96500D3B88B /* SvampeAtlas.xcdatamodeld */; };
		4A69BC842038D96500D3B88B /* Assets.xcassets in Resources */ = {isa = PBXBuildFile; fileRef = 4A69BC832038D96500D3B88B /* Assets.xcassets */; };
		4A69BC872038D96500D3B88B /* LaunchScreen.storyboard in Resources */ = {isa = PBXBuildFile; fileRef = 4A69BC852038D96500D3B88B /* LaunchScreen.storyboard */; };
		4A69BC922038D96500D3B88B /* SvampeAtlasTests.swift in Sources */ = {isa = PBXBuildFile; fileRef = 4A69BC912038D96500D3B88B /* SvampeAtlasTests.swift */; };
		4A69BC9D2038D96500D3B88B /* SvampeAtlasUITests.swift in Sources */ = {isa = PBXBuildFile; fileRef = 4A69BC9C2038D96500D3B88B /* SvampeAtlasUITests.swift */; };
		4A69BCAC2039805100D3B88B /* Mushroom.swift in Sources */ = {isa = PBXBuildFile; fileRef = 4A69BCAB2039805100D3B88B /* Mushroom.swift */; };
		4A702E00209F266900CE648B /* ELRevealViewController.swift in Sources */ = {isa = PBXBuildFile; fileRef = 4A702DFF209F266900CE648B /* ELRevealViewController.swift */; };
		4A80756C20BD4E7D00F958AC /* ObservationVC.swift in Sources */ = {isa = PBXBuildFile; fileRef = 4A80756B20BD4E7D00F958AC /* ObservationVC.swift */; };
		4A80756E20BD50EE00F958AC /* CustomNavigationBar.swift in Sources */ = {isa = PBXBuildFile; fileRef = 4A80756D20BD50EE00F958AC /* CustomNavigationBar.swift */; };
		4A80757020BD717100F958AC /* CustomScrollView.swift in Sources */ = {isa = PBXBuildFile; fileRef = 4A80756F20BD717100F958AC /* CustomScrollView.swift */; };
		4A8A18B320A186710063C83B /* NavigationCell.swift in Sources */ = {isa = PBXBuildFile; fileRef = 4A8A18B220A186710063C83B /* NavigationCell.swift */; };
		4A8A18B520A190670063C83B /* MapViewSettingsView.swift in Sources */ = {isa = PBXBuildFile; fileRef = 4A8A18B420A190670063C83B /* MapViewSettingsView.swift */; };
		4A8A18B720A1B5320063C83B /* RedlistView.swift in Sources */ = {isa = PBXBuildFile; fileRef = 4A8A18B620A1B5320063C83B /* RedlistView.swift */; };
		4A95D5452057D7B500EBB2C5 /* ActivityIndicatorView.swift in Sources */ = {isa = PBXBuildFile; fileRef = 4A95D5442057D7B500EBB2C5 /* ActivityIndicatorView.swift */; };
		4A95D5482057DFCE00EBB2C5 /* OfflineBackground.swift in Sources */ = {isa = PBXBuildFile; fileRef = 4A95D5472057DFCE00EBB2C5 /* OfflineBackground.swift */; };
		4AA1CC682085DFCB00254EBB /* MapView.swift in Sources */ = {isa = PBXBuildFile; fileRef = 4AA1CC672085DFCB00254EBB /* MapView.swift */; };
		4AA1CC6A2086054200254EBB /* SimilarSpeciesView.swift in Sources */ = {isa = PBXBuildFile; fileRef = 4AA1CC692086054200254EBB /* SimilarSpeciesView.swift */; };
		4AB6FA15207112F500870A46 /* CustomSearchBar.swift in Sources */ = {isa = PBXBuildFile; fileRef = 4AB6FA14207112F500870A46 /* CustomSearchBar.swift */; };
		4AC5CA1B204E84C2003ED3BE /* DetailsViewController.swift in Sources */ = {isa = PBXBuildFile; fileRef = 4AC5CA1A204E84C2003ED3BE /* DetailsViewController.swift */; };
		4AC5CA1D204E889E003ED3BE /* ImageCell.swift in Sources */ = {isa = PBXBuildFile; fileRef = 4AC5CA1C204E889E003ED3BE /* ImageCell.swift */; };
		4AC5CA1F204E8DB0003ED3BE /* ImagesPageControl.swift in Sources */ = {isa = PBXBuildFile; fileRef = 4AC5CA1E204E8DB0003ED3BE /* ImagesPageControl.swift */; };
		4AC5CA21204EA817003ED3BE /* MushroomDetailsScrollView.swift in Sources */ = {isa = PBXBuildFile; fileRef = 4AC5CA20204EA817003ED3BE /* MushroomDetailsScrollView.swift */; };
		4AC5CA23204EA95B003ED3BE /* ImagesCollectionView.swift in Sources */ = {isa = PBXBuildFile; fileRef = 4AC5CA22204EA95B003ED3BE /* ImagesCollectionView.swift */; };
		4AD107BD20976C6000BA04D0 /* ObservationView.swift in Sources */ = {isa = PBXBuildFile; fileRef = 4AD107BC20976C6000BA04D0 /* ObservationView.swift */; };
		4AD107BF20976E2D00BA04D0 /* ObservationCell.swift in Sources */ = {isa = PBXBuildFile; fileRef = 4AD107BE20976E2D00BA04D0 /* ObservationCell.swift */; };
		4AD43A0420529BDF001F6541 /* CategoryView.swift in Sources */ = {isa = PBXBuildFile; fileRef = 4AD43A0320529BDF001F6541 /* CategoryView.swift */; };
		4AD43A0620529CF5001F6541 /* CategoryCell.swift in Sources */ = {isa = PBXBuildFile; fileRef = 4AD43A0520529CF5001F6541 /* CategoryCell.swift */; };
		4ADF2B08207A5D9700C76276 /* ResultCell.swift in Sources */ = {isa = PBXBuildFile; fileRef = 4ADF2B07207A5D9700C76276 /* ResultCell.swift */; };
		4ADF2B0A207A5F3900C76276 /* SqueezeNet.mlmodel in Sources */ = {isa = PBXBuildFile; fileRef = 4ADF2B09207A5F3900C76276 /* SqueezeNet.mlmodel */; };
		4AEE2F37204551B600D20C2D /* MushroomThumbImage.swift in Sources */ = {isa = PBXBuildFile; fileRef = 4AEE2F36204551B600D20C2D /* MushroomThumbImage.swift */; };
		4AEE2F39204557ED00D20C2D /* PersistanceService.swift in Sources */ = {isa = PBXBuildFile; fileRef = 4AEE2F38204557ED00D20C2D /* PersistanceService.swift */; };
		4AEE2F3B20455EDE00D20C2D /* MushroomContainerView.swift in Sources */ = {isa = PBXBuildFile; fileRef = 4AEE2F3A20455EDE00D20C2D /* MushroomContainerView.swift */; };
/* End PBXBuildFile section */

/* Begin PBXContainerItemProxy section */
		4A69BC8E2038D96500D3B88B /* PBXContainerItemProxy */ = {
			isa = PBXContainerItemProxy;
			containerPortal = 4A69BC6E2038D96500D3B88B /* Project object */;
			proxyType = 1;
			remoteGlobalIDString = 4A69BC752038D96500D3B88B;
			remoteInfo = SvampeAtlas;
		};
		4A69BC992038D96500D3B88B /* PBXContainerItemProxy */ = {
			isa = PBXContainerItemProxy;
			containerPortal = 4A69BC6E2038D96500D3B88B /* Project object */;
			proxyType = 1;
			remoteGlobalIDString = 4A69BC752038D96500D3B88B;
			remoteInfo = SvampeAtlas;
		};
/* End PBXContainerItemProxy section */

/* Begin PBXFileReference section */
		4A0683D0207A581D00EB06D7 /* ResultsView.swift */ = {isa = PBXFileReference; lastKnownFileType = sourcecode.swift; path = ResultsView.swift; sourceTree = "<group>"; };
		4A1B178020C3F6E200E1F1B2 /* ToxicityView.swift */ = {isa = PBXFileReference; fileEncoding = 4; lastKnownFileType = sourcecode.swift; path = ToxicityView.swift; sourceTree = "<group>"; };
		4A1F76002079606B0082B873 /* RecognizeVC.swift */ = {isa = PBXFileReference; lastKnownFileType = sourcecode.swift; path = RecognizeVC.swift; sourceTree = "<group>"; };
		4A1F7604207966180082B873 /* ImageVC.swift */ = {isa = PBXFileReference; lastKnownFileType = sourcecode.swift; path = ImageVC.swift; sourceTree = "<group>"; };
		4A1F760620796A510082B873 /* PhotoCell.swift */ = {isa = PBXFileReference; lastKnownFileType = sourcecode.swift; path = PhotoCell.swift; sourceTree = "<group>"; };
		4A1F7608207A31150082B873 /* RecognizeView.swift */ = {isa = PBXFileReference; lastKnownFileType = sourcecode.swift; path = RecognizeView.swift; sourceTree = "<group>"; };
		4A28AB83204440FB00F21EEE /* DataService.swift */ = {isa = PBXFileReference; lastKnownFileType = sourcecode.swift; path = DataService.swift; sourceTree = "<group>"; };
		4A28AB862044413100F21EEE /* Constants.swift */ = {isa = PBXFileReference; lastKnownFileType = sourcecode.swift; path = Constants.swift; sourceTree = "<group>"; };
		4A28AB8A2044454200F21EEE /* GradientView.swift */ = {isa = PBXFileReference; lastKnownFileType = sourcecode.swift; path = GradientView.swift; sourceTree = "<group>"; };
		4A28AB8C20444B0300F21EEE /* AppProperties.swift */ = {isa = PBXFileReference; lastKnownFileType = sourcecode.swift; path = AppProperties.swift; sourceTree = "<group>"; };
		4A300A8F208365DC003CB2A5 /* ObservationPinView.swift */ = {isa = PBXFileReference; lastKnownFileType = sourcecode.swift; path = ObservationPinView.swift; sourceTree = "<group>"; };
		4A300A91208388C3003CB2A5 /* ObservationPinCalloutView.swift */ = {isa = PBXFileReference; lastKnownFileType = sourcecode.swift; path = ObservationPinCalloutView.swift; sourceTree = "<group>"; };
		4A3061E02053F4840061E98F /* MushroomTableView.swift */ = {isa = PBXFileReference; lastKnownFileType = sourcecode.swift; path = MushroomTableView.swift; sourceTree = "<group>"; };
		4A40CD6F209217B500F58F25 /* Observation.swift */ = {isa = PBXFileReference; lastKnownFileType = sourcecode.swift; path = Observation.swift; sourceTree = "<group>"; };
		4A40CD712093325100F58F25 /* ClusterPinView.swift */ = {isa = PBXFileReference; fileEncoding = 4; lastKnownFileType = sourcecode.swift; path = ClusterPinView.swift; sourceTree = "<group>"; };
		4A40CD762094CBF000F58F25 /* ClusterPinCalloutView.swift */ = {isa = PBXFileReference; fileEncoding = 4; lastKnownFileType = sourcecode.swift; path = ClusterPinCalloutView.swift; sourceTree = "<group>"; };
		4A4A8042207CA69D00041018 /* MapVC.swift */ = {isa = PBXFileReference; lastKnownFileType = sourcecode.swift; path = MapVC.swift; sourceTree = "<group>"; };
		4A4A8044207CD48900041018 /* LocationBackground.swift */ = {isa = PBXFileReference; fileEncoding = 4; lastKnownFileType = sourcecode.swift; path = LocationBackground.swift; sourceTree = "<group>"; };
		4A4AE30A2070181000178BFB /* MushroomCell.swift */ = {isa = PBXFileReference; fileEncoding = 4; lastKnownFileType = sourcecode.swift; path = MushroomCell.swift; sourceTree = "<group>"; };
		4A4AE30C207020E900178BFB /* ShowImageAnimationController.swift */ = {isa = PBXFileReference; lastKnownFileType = sourcecode.swift; path = ShowImageAnimationController.swift; sourceTree = "<group>"; };
		4A4E4CFE20AE00AD00B3F898 /* CustomNavigationControllerViewController.swift */ = {isa = PBXFileReference; lastKnownFileType = sourcecode.swift; path = CustomNavigationControllerViewController.swift; sourceTree = "<group>"; };
		4A53026A209888E50043C1D3 /* CustomMapView.swift */ = {isa = PBXFileReference; lastKnownFileType = sourcecode.swift; path = CustomMapView.swift; sourceTree = "<group>"; };
		4A54F67120AB2C2F001C8EC8 /* ListView.swift */ = {isa = PBXFileReference; fileEncoding = 4; lastKnownFileType = sourcecode.swift; path = ListView.swift; sourceTree = "<group>"; };
		4A54F67320AB413B001C8EC8 /* NavigationItem.swift */ = {isa = PBXFileReference; lastKnownFileType = sourcecode.swift; path = NavigationItem.swift; sourceTree = "<group>"; };
		4A6052D7208C95730078AF66 /* FavoritesBackground.swift */ = {isa = PBXFileReference; fileEncoding = 4; lastKnownFileType = sourcecode.swift; path = FavoritesBackground.swift; sourceTree = "<group>"; };
		4A69457520456C010041824E /* NavigationVC.swift */ = {isa = PBXFileReference; lastKnownFileType = sourcecode.swift; path = NavigationVC.swift; sourceTree = "<group>"; };
		4A69457720456CD60041824E /* SideMenuStaticCell.swift */ = {isa = PBXFileReference; lastKnownFileType = sourcecode.swift; path = SideMenuStaticCell.swift; sourceTree = "<group>"; };
		4A69BC762038D96500D3B88B /* SvampeAtlas.app */ = {isa = PBXFileReference; explicitFileType = wrapper.application; includeInIndex = 0; path = SvampeAtlas.app; sourceTree = BUILT_PRODUCTS_DIR; };
		4A69BC792038D96500D3B88B /* AppDelegate.swift */ = {isa = PBXFileReference; lastKnownFileType = sourcecode.swift; path = AppDelegate.swift; sourceTree = "<group>"; };
		4A69BC7B2038D96500D3B88B /* MushroomVC.swift */ = {isa = PBXFileReference; lastKnownFileType = sourcecode.swift; path = MushroomVC.swift; sourceTree = "<group>"; };
		4A69BC7E2038D96500D3B88B /* Base */ = {isa = PBXFileReference; lastKnownFileType = file.storyboard; name = Base; path = Base.lproj/Main.storyboard; sourceTree = "<group>"; };
		4A69BC812038D96500D3B88B /* SvampeAtlas.xcdatamodel */ = {isa = PBXFileReference; lastKnownFileType = wrapper.xcdatamodel; path = SvampeAtlas.xcdatamodel; sourceTree = "<group>"; };
		4A69BC832038D96500D3B88B /* Assets.xcassets */ = {isa = PBXFileReference; lastKnownFileType = folder.assetcatalog; path = Assets.xcassets; sourceTree = "<group>"; };
		4A69BC862038D96500D3B88B /* Base */ = {isa = PBXFileReference; lastKnownFileType = file.storyboard; name = Base; path = Base.lproj/LaunchScreen.storyboard; sourceTree = "<group>"; };
		4A69BC882038D96500D3B88B /* Info.plist */ = {isa = PBXFileReference; lastKnownFileType = text.plist.xml; path = Info.plist; sourceTree = "<group>"; };
		4A69BC8D2038D96500D3B88B /* SvampeAtlasTests.xctest */ = {isa = PBXFileReference; explicitFileType = wrapper.cfbundle; includeInIndex = 0; path = SvampeAtlasTests.xctest; sourceTree = BUILT_PRODUCTS_DIR; };
		4A69BC912038D96500D3B88B /* SvampeAtlasTests.swift */ = {isa = PBXFileReference; lastKnownFileType = sourcecode.swift; path = SvampeAtlasTests.swift; sourceTree = "<group>"; };
		4A69BC932038D96500D3B88B /* Info.plist */ = {isa = PBXFileReference; lastKnownFileType = text.plist.xml; path = Info.plist; sourceTree = "<group>"; };
		4A69BC982038D96500D3B88B /* SvampeAtlasUITests.xctest */ = {isa = PBXFileReference; explicitFileType = wrapper.cfbundle; includeInIndex = 0; path = SvampeAtlasUITests.xctest; sourceTree = BUILT_PRODUCTS_DIR; };
		4A69BC9C2038D96500D3B88B /* SvampeAtlasUITests.swift */ = {isa = PBXFileReference; lastKnownFileType = sourcecode.swift; path = SvampeAtlasUITests.swift; sourceTree = "<group>"; };
		4A69BC9E2038D96500D3B88B /* Info.plist */ = {isa = PBXFileReference; lastKnownFileType = text.plist.xml; path = Info.plist; sourceTree = "<group>"; };
		4A69BCAB2039805100D3B88B /* Mushroom.swift */ = {isa = PBXFileReference; lastKnownFileType = sourcecode.swift; path = Mushroom.swift; sourceTree = "<group>"; };
		4A702DFF209F266900CE648B /* ELRevealViewController.swift */ = {isa = PBXFileReference; fileEncoding = 4; lastKnownFileType = sourcecode.swift; path = ELRevealViewController.swift; sourceTree = "<group>"; };
		4A80756B20BD4E7D00F958AC /* ObservationVC.swift */ = {isa = PBXFileReference; lastKnownFileType = sourcecode.swift; path = ObservationVC.swift; sourceTree = "<group>"; };
		4A80756D20BD50EE00F958AC /* CustomNavigationBar.swift */ = {isa = PBXFileReference; lastKnownFileType = sourcecode.swift; path = CustomNavigationBar.swift; sourceTree = "<group>"; };
		4A80756F20BD717100F958AC /* CustomScrollView.swift */ = {isa = PBXFileReference; lastKnownFileType = sourcecode.swift; path = CustomScrollView.swift; sourceTree = "<group>"; };
		4A8A18B220A186710063C83B /* NavigationCell.swift */ = {isa = PBXFileReference; lastKnownFileType = sourcecode.swift; path = NavigationCell.swift; sourceTree = "<group>"; };
		4A8A18B420A190670063C83B /* MapViewSettingsView.swift */ = {isa = PBXFileReference; lastKnownFileType = sourcecode.swift; path = MapViewSettingsView.swift; sourceTree = "<group>"; };
		4A8A18B620A1B5320063C83B /* RedlistView.swift */ = {isa = PBXFileReference; lastKnownFileType = sourcecode.swift; path = RedlistView.swift; sourceTree = "<group>"; };
		4A95D5442057D7B500EBB2C5 /* ActivityIndicatorView.swift */ = {isa = PBXFileReference; lastKnownFileType = sourcecode.swift; path = ActivityIndicatorView.swift; sourceTree = "<group>"; };
		4A95D5472057DFCE00EBB2C5 /* OfflineBackground.swift */ = {isa = PBXFileReference; lastKnownFileType = sourcecode.swift; path = OfflineBackground.swift; sourceTree = "<group>"; };
		4AA1CC672085DFCB00254EBB /* MapView.swift */ = {isa = PBXFileReference; lastKnownFileType = sourcecode.swift; path = MapView.swift; sourceTree = "<group>"; };
		4AA1CC692086054200254EBB /* SimilarSpeciesView.swift */ = {isa = PBXFileReference; lastKnownFileType = sourcecode.swift; path = SimilarSpeciesView.swift; sourceTree = "<group>"; };
		4AB6FA14207112F500870A46 /* CustomSearchBar.swift */ = {isa = PBXFileReference; lastKnownFileType = sourcecode.swift; path = CustomSearchBar.swift; sourceTree = "<group>"; };
		4AC5CA1A204E84C2003ED3BE /* DetailsViewController.swift */ = {isa = PBXFileReference; lastKnownFileType = sourcecode.swift; path = DetailsViewController.swift; sourceTree = "<group>"; };
		4AC5CA1C204E889E003ED3BE /* ImageCell.swift */ = {isa = PBXFileReference; lastKnownFileType = sourcecode.swift; path = ImageCell.swift; sourceTree = "<group>"; };
		4AC5CA1E204E8DB0003ED3BE /* ImagesPageControl.swift */ = {isa = PBXFileReference; lastKnownFileType = sourcecode.swift; path = ImagesPageControl.swift; sourceTree = "<group>"; };
		4AC5CA20204EA817003ED3BE /* MushroomDetailsScrollView.swift */ = {isa = PBXFileReference; lastKnownFileType = sourcecode.swift; path = MushroomDetailsScrollView.swift; sourceTree = "<group>"; };
		4AC5CA22204EA95B003ED3BE /* ImagesCollectionView.swift */ = {isa = PBXFileReference; lastKnownFileType = sourcecode.swift; path = ImagesCollectionView.swift; sourceTree = "<group>"; };
		4AD107BC20976C6000BA04D0 /* ObservationView.swift */ = {isa = PBXFileReference; lastKnownFileType = sourcecode.swift; path = ObservationView.swift; sourceTree = "<group>"; };
		4AD107BE20976E2D00BA04D0 /* ObservationCell.swift */ = {isa = PBXFileReference; lastKnownFileType = sourcecode.swift; path = ObservationCell.swift; sourceTree = "<group>"; };
		4AD43A0320529BDF001F6541 /* CategoryView.swift */ = {isa = PBXFileReference; lastKnownFileType = sourcecode.swift; path = CategoryView.swift; sourceTree = "<group>"; };
		4AD43A0520529CF5001F6541 /* CategoryCell.swift */ = {isa = PBXFileReference; lastKnownFileType = sourcecode.swift; path = CategoryCell.swift; sourceTree = "<group>"; };
		4ADF2B07207A5D9700C76276 /* ResultCell.swift */ = {isa = PBXFileReference; lastKnownFileType = sourcecode.swift; path = ResultCell.swift; sourceTree = "<group>"; };
		4ADF2B09207A5F3900C76276 /* SqueezeNet.mlmodel */ = {isa = PBXFileReference; lastKnownFileType = file.mlmodel; path = SqueezeNet.mlmodel; sourceTree = "<group>"; };
		4AEE2F36204551B600D20C2D /* MushroomThumbImage.swift */ = {isa = PBXFileReference; lastKnownFileType = sourcecode.swift; path = MushroomThumbImage.swift; sourceTree = "<group>"; };
		4AEE2F38204557ED00D20C2D /* PersistanceService.swift */ = {isa = PBXFileReference; lastKnownFileType = sourcecode.swift; path = PersistanceService.swift; sourceTree = "<group>"; };
		4AEE2F3A20455EDE00D20C2D /* MushroomContainerView.swift */ = {isa = PBXFileReference; lastKnownFileType = sourcecode.swift; path = MushroomContainerView.swift; sourceTree = "<group>"; };
/* End PBXFileReference section */

/* Begin PBXFrameworksBuildPhase section */
		4A69BC732038D96500D3B88B /* Frameworks */ = {
			isa = PBXFrameworksBuildPhase;
			buildActionMask = 2147483647;
			files = (
			);
			runOnlyForDeploymentPostprocessing = 0;
		};
		4A69BC8A2038D96500D3B88B /* Frameworks */ = {
			isa = PBXFrameworksBuildPhase;
			buildActionMask = 2147483647;
			files = (
			);
			runOnlyForDeploymentPostprocessing = 0;
		};
		4A69BC952038D96500D3B88B /* Frameworks */ = {
			isa = PBXFrameworksBuildPhase;
			buildActionMask = 2147483647;
			files = (
			);
			runOnlyForDeploymentPostprocessing = 0;
		};
/* End PBXFrameworksBuildPhase section */

/* Begin PBXGroup section */
		4A0775CA20443D5200DD5AF0 /* View */ = {
			isa = PBXGroup;
			children = (
				4A530268209856930043C1D3 /* Annotations */,
				4A95D5462057DDE900EBB2C5 /* MushroomTableViewBackgrounds */,
				4A0775CB20443D5600DD5AF0 /* Cells */,
				4A28AB8A2044454200F21EEE /* GradientView.swift */,
				4A53026A209888E50043C1D3 /* CustomMapView.swift */,
				4AC5CA20204EA817003ED3BE /* MushroomDetailsScrollView.swift */,
				4AC5CA1E204E8DB0003ED3BE /* ImagesPageControl.swift */,
				4AC5CA22204EA95B003ED3BE /* ImagesCollectionView.swift */,
				4AD43A0320529BDF001F6541 /* CategoryView.swift */,
				4A3061E02053F4840061E98F /* MushroomTableView.swift */,
				4AB6FA14207112F500870A46 /* CustomSearchBar.swift */,
				4A1F7608207A31150082B873 /* RecognizeView.swift */,
				4A0683D0207A581D00EB06D7 /* ResultsView.swift */,
				4AD107BC20976C6000BA04D0 /* ObservationView.swift */,
				4AA1CC672085DFCB00254EBB /* MapView.swift */,
				4A54F67120AB2C2F001C8EC8 /* ListView.swift */,
				4AA1CC692086054200254EBB /* SimilarSpeciesView.swift */,
				4A8A18B420A190670063C83B /* MapViewSettingsView.swift */,
				4A8A18B620A1B5320063C83B /* RedlistView.swift */,
				4A1B178020C3F6E200E1F1B2 /* ToxicityView.swift */,
				4A80756D20BD50EE00F958AC /* CustomNavigationBar.swift */,
			);
			path = View;
			sourceTree = "<group>";
		};
		4A0775CB20443D5600DD5AF0 /* Cells */ = {
			isa = PBXGroup;
			children = (
				4AD107BB20976B8F00BA04D0 /* ObservationCell */,
				4AB6FA132070F9B900870A46 /* MushroomCell */,
				4A7891F320723BBF00B69427 /* ImageCell */,
				4A69457720456CD60041824E /* SideMenuStaticCell.swift */,
				4AD43A0520529CF5001F6541 /* CategoryCell.swift */,
				4A8A18B220A186710063C83B /* NavigationCell.swift */,
			);
			path = Cells;
			sourceTree = "<group>";
		};
		4A28AB82204440EC00F21EEE /* Services */ = {
			isa = PBXGroup;
			children = (
				4A28AB83204440FB00F21EEE /* DataService.swift */,
				4AEE2F38204557ED00D20C2D /* PersistanceService.swift */,
			);
			path = Services;
			sourceTree = "<group>";
		};
		4A28AB852044412200F21EEE /* Resources */ = {
			isa = PBXGroup;
			children = (
				4A702DFF209F266900CE648B /* ELRevealViewController.swift */,
				4ADF2B09207A5F3900C76276 /* SqueezeNet.mlmodel */,
				4A28AB862044413100F21EEE /* Constants.swift */,
				4A28AB8C20444B0300F21EEE /* AppProperties.swift */,
				4A95D5442057D7B500EBB2C5 /* ActivityIndicatorView.swift */,
				4A4AE30C207020E900178BFB /* ShowImageAnimationController.swift */,
			);
			path = Resources;
			sourceTree = "<group>";
		};
		4A530268209856930043C1D3 /* Annotations */ = {
			isa = PBXGroup;
			children = (
				4A300A8F208365DC003CB2A5 /* ObservationPinView.swift */,
				4A300A91208388C3003CB2A5 /* ObservationPinCalloutView.swift */,
				4A40CD712093325100F58F25 /* ClusterPinView.swift */,
				4A40CD762094CBF000F58F25 /* ClusterPinCalloutView.swift */,
			);
			path = Annotations;
			sourceTree = "<group>";
		};
		4A69457420456BCE0041824E /* Controllers */ = {
			isa = PBXGroup;
			children = (
				4A69457520456C010041824E /* NavigationVC.swift */,
				4A69BC7B2038D96500D3B88B /* MushroomVC.swift */,
				4AC5CA1A204E84C2003ED3BE /* DetailsViewController.swift */,
				4A1F76002079606B0082B873 /* RecognizeVC.swift */,
				4A1F7604207966180082B873 /* ImageVC.swift */,
				4A4A8042207CA69D00041018 /* MapVC.swift */,
				4A4E4CFE20AE00AD00B3F898 /* CustomNavigationControllerViewController.swift */,
				4A80756B20BD4E7D00F958AC /* ObservationVC.swift */,
				4A80756F20BD717100F958AC /* CustomScrollView.swift */,
			);
			path = Controllers;
			sourceTree = "<group>";
		};
		4A69BC6D2038D96500D3B88B = {
			isa = PBXGroup;
			children = (
				4A69BC782038D96500D3B88B /* SvampeAtlas */,
				4A69BC902038D96500D3B88B /* SvampeAtlasTests */,
				4A69BC9B2038D96500D3B88B /* SvampeAtlasUITests */,
				4A69BC772038D96500D3B88B /* Products */,
			);
			sourceTree = "<group>";
		};
		4A69BC772038D96500D3B88B /* Products */ = {
			isa = PBXGroup;
			children = (
				4A69BC762038D96500D3B88B /* SvampeAtlas.app */,
				4A69BC8D2038D96500D3B88B /* SvampeAtlasTests.xctest */,
				4A69BC982038D96500D3B88B /* SvampeAtlasUITests.xctest */,
			);
			name = Products;
			sourceTree = "<group>";
		};
		4A69BC782038D96500D3B88B /* SvampeAtlas */ = {
			isa = PBXGroup;
			children = (
				4A69457420456BCE0041824E /* Controllers */,
				4A28AB852044412200F21EEE /* Resources */,
				4A28AB82204440EC00F21EEE /* Services */,
				4A0775CA20443D5200DD5AF0 /* View */,
				4A69BCAA20397F8400D3B88B /* Model */,
				4A69BC792038D96500D3B88B /* AppDelegate.swift */,
				4A69BC7D2038D96500D3B88B /* Main.storyboard */,
				4A69BC832038D96500D3B88B /* Assets.xcassets */,
				4A69BC852038D96500D3B88B /* LaunchScreen.storyboard */,
				4A69BC882038D96500D3B88B /* Info.plist */,
				4A69BC802038D96500D3B88B /* SvampeAtlas.xcdatamodeld */,
			);
			path = SvampeAtlas;
			sourceTree = "<group>";
		};
		4A69BC902038D96500D3B88B /* SvampeAtlasTests */ = {
			isa = PBXGroup;
			children = (
				4A69BC912038D96500D3B88B /* SvampeAtlasTests.swift */,
				4A69BC932038D96500D3B88B /* Info.plist */,
			);
			path = SvampeAtlasTests;
			sourceTree = "<group>";
		};
		4A69BC9B2038D96500D3B88B /* SvampeAtlasUITests */ = {
			isa = PBXGroup;
			children = (
				4A69BC9C2038D96500D3B88B /* SvampeAtlasUITests.swift */,
				4A69BC9E2038D96500D3B88B /* Info.plist */,
			);
			path = SvampeAtlasUITests;
			sourceTree = "<group>";
		};
		4A69BCAA20397F8400D3B88B /* Model */ = {
			isa = PBXGroup;
			children = (
				4A69BCAB2039805100D3B88B /* Mushroom.swift */,
				4A40CD6F209217B500F58F25 /* Observation.swift */,
				4A54F67320AB413B001C8EC8 /* NavigationItem.swift */,
			);
			path = Model;
			sourceTree = "<group>";
		};
		4A7891F320723BBF00B69427 /* ImageCell */ = {
			isa = PBXGroup;
			children = (
				4AC5CA1C204E889E003ED3BE /* ImageCell.swift */,
				4A4AE30A2070181000178BFB /* MushroomCell.swift */,
				4A1F760620796A510082B873 /* PhotoCell.swift */,
			);
			path = ImageCell;
			sourceTree = "<group>";
		};
		4A95D5462057DDE900EBB2C5 /* MushroomTableViewBackgrounds */ = {
			isa = PBXGroup;
			children = (
				4A95D5472057DFCE00EBB2C5 /* OfflineBackground.swift */,
				4A6052D7208C95730078AF66 /* FavoritesBackground.swift */,
				4A4A8044207CD48900041018 /* LocationBackground.swift */,
			);
			path = MushroomTableViewBackgrounds;
			sourceTree = "<group>";
		};
		4AB6FA132070F9B900870A46 /* MushroomCell */ = {
			isa = PBXGroup;
			children = (
				4AEE2F3A20455EDE00D20C2D /* MushroomContainerView.swift */,
				4AEE2F36204551B600D20C2D /* MushroomThumbImage.swift */,
				4ADF2B07207A5D9700C76276 /* ResultCell.swift */,
			);
			path = MushroomCell;
			sourceTree = "<group>";
		};
		4AD107BB20976B8F00BA04D0 /* ObservationCell */ = {
			isa = PBXGroup;
			children = (
				4AD107BE20976E2D00BA04D0 /* ObservationCell.swift */,
			);
			path = ObservationCell;
			sourceTree = "<group>";
		};
/* End PBXGroup section */

/* Begin PBXNativeTarget section */
		4A69BC752038D96500D3B88B /* SvampeAtlas */ = {
			isa = PBXNativeTarget;
			buildConfigurationList = 4A69BCA12038D96500D3B88B /* Build configuration list for PBXNativeTarget "SvampeAtlas" */;
			buildPhases = (
				4A69BC722038D96500D3B88B /* Sources */,
				4A69BC732038D96500D3B88B /* Frameworks */,
				4A69BC742038D96500D3B88B /* Resources */,
			);
			buildRules = (
			);
			dependencies = (
			);
			name = SvampeAtlas;
			productName = SvampeAtlas;
			productReference = 4A69BC762038D96500D3B88B /* SvampeAtlas.app */;
			productType = "com.apple.product-type.application";
		};
		4A69BC8C2038D96500D3B88B /* SvampeAtlasTests */ = {
			isa = PBXNativeTarget;
			buildConfigurationList = 4A69BCA42038D96500D3B88B /* Build configuration list for PBXNativeTarget "SvampeAtlasTests" */;
			buildPhases = (
				4A69BC892038D96500D3B88B /* Sources */,
				4A69BC8A2038D96500D3B88B /* Frameworks */,
				4A69BC8B2038D96500D3B88B /* Resources */,
			);
			buildRules = (
			);
			dependencies = (
				4A69BC8F2038D96500D3B88B /* PBXTargetDependency */,
			);
			name = SvampeAtlasTests;
			productName = SvampeAtlasTests;
			productReference = 4A69BC8D2038D96500D3B88B /* SvampeAtlasTests.xctest */;
			productType = "com.apple.product-type.bundle.unit-test";
		};
		4A69BC972038D96500D3B88B /* SvampeAtlasUITests */ = {
			isa = PBXNativeTarget;
			buildConfigurationList = 4A69BCA72038D96500D3B88B /* Build configuration list for PBXNativeTarget "SvampeAtlasUITests" */;
			buildPhases = (
				4A69BC942038D96500D3B88B /* Sources */,
				4A69BC952038D96500D3B88B /* Frameworks */,
				4A69BC962038D96500D3B88B /* Resources */,
			);
			buildRules = (
			);
			dependencies = (
				4A69BC9A2038D96500D3B88B /* PBXTargetDependency */,
			);
			name = SvampeAtlasUITests;
			productName = SvampeAtlasUITests;
			productReference = 4A69BC982038D96500D3B88B /* SvampeAtlasUITests.xctest */;
			productType = "com.apple.product-type.bundle.ui-testing";
		};
/* End PBXNativeTarget section */

/* Begin PBXProject section */
		4A69BC6E2038D96500D3B88B /* Project object */ = {
			isa = PBXProject;
			attributes = {
				LastSwiftUpdateCheck = 0920;
				LastUpgradeCheck = 0920;
				ORGANIZATIONNAME = NaturhistoriskMuseum;
				TargetAttributes = {
					4A69BC752038D96500D3B88B = {
						CreatedOnToolsVersion = 9.2;
						ProvisioningStyle = Automatic;
					};
					4A69BC8C2038D96500D3B88B = {
						CreatedOnToolsVersion = 9.2;
						ProvisioningStyle = Automatic;
						TestTargetID = 4A69BC752038D96500D3B88B;
					};
					4A69BC972038D96500D3B88B = {
						CreatedOnToolsVersion = 9.2;
						ProvisioningStyle = Automatic;
						TestTargetID = 4A69BC752038D96500D3B88B;
					};
				};
			};
			buildConfigurationList = 4A69BC712038D96500D3B88B /* Build configuration list for PBXProject "SvampeAtlas" */;
			compatibilityVersion = "Xcode 8.0";
			developmentRegion = en;
			hasScannedForEncodings = 0;
			knownRegions = (
				en,
				Base,
			);
			mainGroup = 4A69BC6D2038D96500D3B88B;
			productRefGroup = 4A69BC772038D96500D3B88B /* Products */;
			projectDirPath = "";
			projectRoot = "";
			targets = (
				4A69BC752038D96500D3B88B /* SvampeAtlas */,
				4A69BC8C2038D96500D3B88B /* SvampeAtlasTests */,
				4A69BC972038D96500D3B88B /* SvampeAtlasUITests */,
			);
		};
/* End PBXProject section */

/* Begin PBXResourcesBuildPhase section */
		4A69BC742038D96500D3B88B /* Resources */ = {
			isa = PBXResourcesBuildPhase;
			buildActionMask = 2147483647;
			files = (
				4A69BC872038D96500D3B88B /* LaunchScreen.storyboard in Resources */,
				4A69BC842038D96500D3B88B /* Assets.xcassets in Resources */,
				4A69BC7F2038D96500D3B88B /* Main.storyboard in Resources */,
			);
			runOnlyForDeploymentPostprocessing = 0;
		};
		4A69BC8B2038D96500D3B88B /* Resources */ = {
			isa = PBXResourcesBuildPhase;
			buildActionMask = 2147483647;
			files = (
			);
			runOnlyForDeploymentPostprocessing = 0;
		};
		4A69BC962038D96500D3B88B /* Resources */ = {
			isa = PBXResourcesBuildPhase;
			buildActionMask = 2147483647;
			files = (
			);
			runOnlyForDeploymentPostprocessing = 0;
		};
/* End PBXResourcesBuildPhase section */

/* Begin PBXSourcesBuildPhase section */
		4A69BC722038D96500D3B88B /* Sources */ = {
			isa = PBXSourcesBuildPhase;
			buildActionMask = 2147483647;
			files = (
				4A69BC822038D96500D3B88B /* SvampeAtlas.xcdatamodeld in Sources */,
				4A6052D8208C95730078AF66 /* FavoritesBackground.swift in Sources */,
				4A95D5482057DFCE00EBB2C5 /* OfflineBackground.swift in Sources */,
				4AEE2F3B20455EDE00D20C2D /* MushroomContainerView.swift in Sources */,
				4AC5CA23204EA95B003ED3BE /* ImagesCollectionView.swift in Sources */,
				4AD107BD20976C6000BA04D0 /* ObservationView.swift in Sources */,
				4A702E00209F266900CE648B /* ELRevealViewController.swift in Sources */,
				4A95D5452057D7B500EBB2C5 /* ActivityIndicatorView.swift in Sources */,
				4A4A8045207CD48900041018 /* LocationBackground.swift in Sources */,
				4A8A18B720A1B5320063C83B /* RedlistView.swift in Sources */,
				4A1B178120C3F6E200E1F1B2 /* ToxicityView.swift in Sources */,
				4AEE2F39204557ED00D20C2D /* PersistanceService.swift in Sources */,
				4AC5CA21204EA817003ED3BE /* MushroomDetailsScrollView.swift in Sources */,
				4A3061E12053F4840061E98F /* MushroomTableView.swift in Sources */,
				4A69457820456CD60041824E /* SideMenuStaticCell.swift in Sources */,
				4AD107BF20976E2D00BA04D0 /* ObservationCell.swift in Sources */,
				4A8A18B520A190670063C83B /* MapViewSettingsView.swift in Sources */,
				4AA1CC6A2086054200254EBB /* SimilarSpeciesView.swift in Sources */,
				4A69BC7C2038D96500D3B88B /* MushroomVC.swift in Sources */,
				4A69BC7A2038D96500D3B88B /* AppDelegate.swift in Sources */,
				4A1F7605207966180082B873 /* ImageVC.swift in Sources */,
				4A53026B209888E50043C1D3 /* CustomMapView.swift in Sources */,
				4A1F76012079606B0082B873 /* RecognizeVC.swift in Sources */,
				4A4AE30D207020E900178BFB /* ShowImageAnimationController.swift in Sources */,
				4A40CD70209217B500F58F25 /* Observation.swift in Sources */,
				4A1F7609207A31150082B873 /* RecognizeView.swift in Sources */,
				4AA1CC682085DFCB00254EBB /* MapView.swift in Sources */,
				4A300A92208388C3003CB2A5 /* ObservationPinCalloutView.swift in Sources */,
				4A0683D1207A581D00EB06D7 /* ResultsView.swift in Sources */,
				4ADF2B0A207A5F3900C76276 /* SqueezeNet.mlmodel in Sources */,
				4AD43A0420529BDF001F6541 /* CategoryView.swift in Sources */,
				4A80757020BD717100F958AC /* CustomScrollView.swift in Sources */,
				4AC5CA1D204E889E003ED3BE /* ImageCell.swift in Sources */,
				4A40CD772094CBF000F58F25 /* ClusterPinCalloutView.swift in Sources */,
				4A28AB84204440FB00F21EEE /* DataService.swift in Sources */,
				4AC5CA1F204E8DB0003ED3BE /* ImagesPageControl.swift in Sources */,
				4A28AB872044413100F21EEE /* Constants.swift in Sources */,
				4ADF2B08207A5D9700C76276 /* ResultCell.swift in Sources */,
				4AEE2F37204551B600D20C2D /* MushroomThumbImage.swift in Sources */,
				4A4A8043207CA69D00041018 /* MapVC.swift in Sources */,
				4A4E4CFF20AE00AD00B3F898 /* CustomNavigationControllerViewController.swift in Sources */,
				4AC5CA1B204E84C2003ED3BE /* DetailsViewController.swift in Sources */,
				4A54F67220AB2C2F001C8EC8 /* ListView.swift in Sources */,
				4A69BCAC2039805100D3B88B /* Mushroom.swift in Sources */,
				4A69457620456C010041824E /* NavigationVC.swift in Sources */,
				4A1F760720796A510082B873 /* PhotoCell.swift in Sources */,
				4A80756E20BD50EE00F958AC /* CustomNavigationBar.swift in Sources */,
				4A28AB8D20444B0300F21EEE /* AppProperties.swift in Sources */,
				4A8A18B320A186710063C83B /* NavigationCell.swift in Sources */,
				4AB6FA15207112F500870A46 /* CustomSearchBar.swift in Sources */,
				4A80756C20BD4E7D00F958AC /* ObservationVC.swift in Sources */,
				4A40CD722093325100F58F25 /* ClusterPinView.swift in Sources */,
				4A4AE30B2070181000178BFB /* MushroomCell.swift in Sources */,
				4A28AB8B2044454200F21EEE /* GradientView.swift in Sources */,
				4AD43A0620529CF5001F6541 /* CategoryCell.swift in Sources */,
				4A54F67420AB413B001C8EC8 /* NavigationItem.swift in Sources */,
				4A300A90208365DC003CB2A5 /* ObservationPinView.swift in Sources */,
			);
			runOnlyForDeploymentPostprocessing = 0;
		};
		4A69BC892038D96500D3B88B /* Sources */ = {
			isa = PBXSourcesBuildPhase;
			buildActionMask = 2147483647;
			files = (
				4A69BC922038D96500D3B88B /* SvampeAtlasTests.swift in Sources */,
			);
			runOnlyForDeploymentPostprocessing = 0;
		};
		4A69BC942038D96500D3B88B /* Sources */ = {
			isa = PBXSourcesBuildPhase;
			buildActionMask = 2147483647;
			files = (
				4A69BC9D2038D96500D3B88B /* SvampeAtlasUITests.swift in Sources */,
			);
			runOnlyForDeploymentPostprocessing = 0;
		};
/* End PBXSourcesBuildPhase section */

/* Begin PBXTargetDependency section */
		4A69BC8F2038D96500D3B88B /* PBXTargetDependency */ = {
			isa = PBXTargetDependency;
			target = 4A69BC752038D96500D3B88B /* SvampeAtlas */;
			targetProxy = 4A69BC8E2038D96500D3B88B /* PBXContainerItemProxy */;
		};
		4A69BC9A2038D96500D3B88B /* PBXTargetDependency */ = {
			isa = PBXTargetDependency;
			target = 4A69BC752038D96500D3B88B /* SvampeAtlas */;
			targetProxy = 4A69BC992038D96500D3B88B /* PBXContainerItemProxy */;
		};
/* End PBXTargetDependency section */

/* Begin PBXVariantGroup section */
		4A69BC7D2038D96500D3B88B /* Main.storyboard */ = {
			isa = PBXVariantGroup;
			children = (
				4A69BC7E2038D96500D3B88B /* Base */,
			);
			name = Main.storyboard;
			sourceTree = "<group>";
		};
		4A69BC852038D96500D3B88B /* LaunchScreen.storyboard */ = {
			isa = PBXVariantGroup;
			children = (
				4A69BC862038D96500D3B88B /* Base */,
			);
			name = LaunchScreen.storyboard;
			sourceTree = "<group>";
		};
/* End PBXVariantGroup section */

/* Begin XCBuildConfiguration section */
		4A69BC9F2038D96500D3B88B /* Debug */ = {
			isa = XCBuildConfiguration;
			buildSettings = {
				ALWAYS_SEARCH_USER_PATHS = NO;
				CLANG_ANALYZER_NONNULL = YES;
				CLANG_ANALYZER_NUMBER_OBJECT_CONVERSION = YES_AGGRESSIVE;
				CLANG_CXX_LANGUAGE_STANDARD = "gnu++14";
				CLANG_CXX_LIBRARY = "libc++";
				CLANG_ENABLE_MODULES = YES;
				CLANG_ENABLE_OBJC_ARC = YES;
				CLANG_WARN_BLOCK_CAPTURE_AUTORELEASING = YES;
				CLANG_WARN_BOOL_CONVERSION = YES;
				CLANG_WARN_COMMA = YES;
				CLANG_WARN_CONSTANT_CONVERSION = YES;
				CLANG_WARN_DIRECT_OBJC_ISA_USAGE = YES_ERROR;
				CLANG_WARN_DOCUMENTATION_COMMENTS = YES;
				CLANG_WARN_EMPTY_BODY = YES;
				CLANG_WARN_ENUM_CONVERSION = YES;
				CLANG_WARN_INFINITE_RECURSION = YES;
				CLANG_WARN_INT_CONVERSION = YES;
				CLANG_WARN_NON_LITERAL_NULL_CONVERSION = YES;
				CLANG_WARN_OBJC_LITERAL_CONVERSION = YES;
				CLANG_WARN_OBJC_ROOT_CLASS = YES_ERROR;
				CLANG_WARN_RANGE_LOOP_ANALYSIS = YES;
				CLANG_WARN_STRICT_PROTOTYPES = YES;
				CLANG_WARN_SUSPICIOUS_MOVE = YES;
				CLANG_WARN_UNGUARDED_AVAILABILITY = YES_AGGRESSIVE;
				CLANG_WARN_UNREACHABLE_CODE = YES;
				CLANG_WARN__DUPLICATE_METHOD_MATCH = YES;
				CODE_SIGN_IDENTITY = "iPhone Developer";
				COPY_PHASE_STRIP = NO;
				DEBUG_INFORMATION_FORMAT = dwarf;
				ENABLE_STRICT_OBJC_MSGSEND = YES;
				ENABLE_TESTABILITY = YES;
				GCC_C_LANGUAGE_STANDARD = gnu11;
				GCC_DYNAMIC_NO_PIC = NO;
				GCC_NO_COMMON_BLOCKS = YES;
				GCC_OPTIMIZATION_LEVEL = 0;
				GCC_PREPROCESSOR_DEFINITIONS = (
					"DEBUG=1",
					"$(inherited)",
				);
				GCC_WARN_64_TO_32_BIT_CONVERSION = YES;
				GCC_WARN_ABOUT_RETURN_TYPE = YES_ERROR;
				GCC_WARN_UNDECLARED_SELECTOR = YES;
				GCC_WARN_UNINITIALIZED_AUTOS = YES_AGGRESSIVE;
				GCC_WARN_UNUSED_FUNCTION = YES;
				GCC_WARN_UNUSED_VARIABLE = YES;
				IPHONEOS_DEPLOYMENT_TARGET = 11.2;
				MTL_ENABLE_DEBUG_INFO = YES;
				ONLY_ACTIVE_ARCH = YES;
				SDKROOT = iphoneos;
				SWIFT_ACTIVE_COMPILATION_CONDITIONS = DEBUG;
				SWIFT_OPTIMIZATION_LEVEL = "-Onone";
			};
			name = Debug;
		};
		4A69BCA02038D96500D3B88B /* Release */ = {
			isa = XCBuildConfiguration;
			buildSettings = {
				ALWAYS_SEARCH_USER_PATHS = NO;
				CLANG_ANALYZER_NONNULL = YES;
				CLANG_ANALYZER_NUMBER_OBJECT_CONVERSION = YES_AGGRESSIVE;
				CLANG_CXX_LANGUAGE_STANDARD = "gnu++14";
				CLANG_CXX_LIBRARY = "libc++";
				CLANG_ENABLE_MODULES = YES;
				CLANG_ENABLE_OBJC_ARC = YES;
				CLANG_WARN_BLOCK_CAPTURE_AUTORELEASING = YES;
				CLANG_WARN_BOOL_CONVERSION = YES;
				CLANG_WARN_COMMA = YES;
				CLANG_WARN_CONSTANT_CONVERSION = YES;
				CLANG_WARN_DIRECT_OBJC_ISA_USAGE = YES_ERROR;
				CLANG_WARN_DOCUMENTATION_COMMENTS = YES;
				CLANG_WARN_EMPTY_BODY = YES;
				CLANG_WARN_ENUM_CONVERSION = YES;
				CLANG_WARN_INFINITE_RECURSION = YES;
				CLANG_WARN_INT_CONVERSION = YES;
				CLANG_WARN_NON_LITERAL_NULL_CONVERSION = YES;
				CLANG_WARN_OBJC_LITERAL_CONVERSION = YES;
				CLANG_WARN_OBJC_ROOT_CLASS = YES_ERROR;
				CLANG_WARN_RANGE_LOOP_ANALYSIS = YES;
				CLANG_WARN_STRICT_PROTOTYPES = YES;
				CLANG_WARN_SUSPICIOUS_MOVE = YES;
				CLANG_WARN_UNGUARDED_AVAILABILITY = YES_AGGRESSIVE;
				CLANG_WARN_UNREACHABLE_CODE = YES;
				CLANG_WARN__DUPLICATE_METHOD_MATCH = YES;
				CODE_SIGN_IDENTITY = "iPhone Developer";
				COPY_PHASE_STRIP = NO;
				DEBUG_INFORMATION_FORMAT = "dwarf-with-dsym";
				ENABLE_NS_ASSERTIONS = NO;
				ENABLE_STRICT_OBJC_MSGSEND = YES;
				GCC_C_LANGUAGE_STANDARD = gnu11;
				GCC_NO_COMMON_BLOCKS = YES;
				GCC_WARN_64_TO_32_BIT_CONVERSION = YES;
				GCC_WARN_ABOUT_RETURN_TYPE = YES_ERROR;
				GCC_WARN_UNDECLARED_SELECTOR = YES;
				GCC_WARN_UNINITIALIZED_AUTOS = YES_AGGRESSIVE;
				GCC_WARN_UNUSED_FUNCTION = YES;
				GCC_WARN_UNUSED_VARIABLE = YES;
				IPHONEOS_DEPLOYMENT_TARGET = 11.2;
				MTL_ENABLE_DEBUG_INFO = NO;
				SDKROOT = iphoneos;
				SWIFT_OPTIMIZATION_LEVEL = "-Owholemodule";
				VALIDATE_PRODUCT = YES;
			};
			name = Release;
		};
		4A69BCA22038D96500D3B88B /* Debug */ = {
			isa = XCBuildConfiguration;
			buildSettings = {
				ASSETCATALOG_COMPILER_APPICON_NAME = AppIcon;
				CODE_SIGN_STYLE = Automatic;
				DEVELOPMENT_TEAM = 6LS2B9CMEB;
				INFOPLIST_FILE = SvampeAtlas/Info.plist;
				IPHONEOS_DEPLOYMENT_TARGET = 11.0;
				LD_RUNPATH_SEARCH_PATHS = "$(inherited) @executable_path/Frameworks";
				PRODUCT_BUNDLE_IDENTIFIER = com.naturHistoriskMuseum.SvampeAtlas;
				PRODUCT_NAME = "$(TARGET_NAME)";
				SWIFT_VERSION = 4.0;
				TARGETED_DEVICE_FAMILY = "1,2";
			};
			name = Debug;
		};
		4A69BCA32038D96500D3B88B /* Release */ = {
			isa = XCBuildConfiguration;
			buildSettings = {
				ASSETCATALOG_COMPILER_APPICON_NAME = AppIcon;
				CODE_SIGN_STYLE = Automatic;
				DEVELOPMENT_TEAM = 6LS2B9CMEB;
				INFOPLIST_FILE = SvampeAtlas/Info.plist;
				IPHONEOS_DEPLOYMENT_TARGET = 11.0;
				LD_RUNPATH_SEARCH_PATHS = "$(inherited) @executable_path/Frameworks";
				PRODUCT_BUNDLE_IDENTIFIER = com.naturHistoriskMuseum.SvampeAtlas;
				PRODUCT_NAME = "$(TARGET_NAME)";
				SWIFT_VERSION = 4.0;
				TARGETED_DEVICE_FAMILY = "1,2";
			};
			name = Release;
		};
		4A69BCA52038D96500D3B88B /* Debug */ = {
			isa = XCBuildConfiguration;
			buildSettings = {
				ALWAYS_EMBED_SWIFT_STANDARD_LIBRARIES = YES;
				BUNDLE_LOADER = "$(TEST_HOST)";
				CODE_SIGN_STYLE = Automatic;
				DEVELOPMENT_TEAM = 6LS2B9CMEB;
				INFOPLIST_FILE = SvampeAtlasTests/Info.plist;
				LD_RUNPATH_SEARCH_PATHS = "$(inherited) @executable_path/Frameworks @loader_path/Frameworks";
				PRODUCT_BUNDLE_IDENTIFIER = com.naturHistoriskMuseum.SvampeAtlasTests;
				PRODUCT_NAME = "$(TARGET_NAME)";
				SWIFT_VERSION = 4.0;
				TARGETED_DEVICE_FAMILY = "1,2";
				TEST_HOST = "$(BUILT_PRODUCTS_DIR)/SvampeAtlas.app/SvampeAtlas";
			};
			name = Debug;
		};
		4A69BCA62038D96500D3B88B /* Release */ = {
			isa = XCBuildConfiguration;
			buildSettings = {
				ALWAYS_EMBED_SWIFT_STANDARD_LIBRARIES = YES;
				BUNDLE_LOADER = "$(TEST_HOST)";
				CODE_SIGN_STYLE = Automatic;
				DEVELOPMENT_TEAM = 6LS2B9CMEB;
				INFOPLIST_FILE = SvampeAtlasTests/Info.plist;
				LD_RUNPATH_SEARCH_PATHS = "$(inherited) @executable_path/Frameworks @loader_path/Frameworks";
				PRODUCT_BUNDLE_IDENTIFIER = com.naturHistoriskMuseum.SvampeAtlasTests;
				PRODUCT_NAME = "$(TARGET_NAME)";
				SWIFT_VERSION = 4.0;
				TARGETED_DEVICE_FAMILY = "1,2";
				TEST_HOST = "$(BUILT_PRODUCTS_DIR)/SvampeAtlas.app/SvampeAtlas";
			};
			name = Release;
		};
		4A69BCA82038D96500D3B88B /* Debug */ = {
			isa = XCBuildConfiguration;
			buildSettings = {
				ALWAYS_EMBED_SWIFT_STANDARD_LIBRARIES = YES;
				CODE_SIGN_STYLE = Automatic;
				DEVELOPMENT_TEAM = 6LS2B9CMEB;
				INFOPLIST_FILE = SvampeAtlasUITests/Info.plist;
				LD_RUNPATH_SEARCH_PATHS = "$(inherited) @executable_path/Frameworks @loader_path/Frameworks";
				PRODUCT_BUNDLE_IDENTIFIER = com.naturHistoriskMuseum.SvampeAtlasUITests;
				PRODUCT_NAME = "$(TARGET_NAME)";
				SWIFT_VERSION = 4.0;
				TARGETED_DEVICE_FAMILY = "1,2";
				TEST_TARGET_NAME = SvampeAtlas;
			};
			name = Debug;
		};
		4A69BCA92038D96500D3B88B /* Release */ = {
			isa = XCBuildConfiguration;
			buildSettings = {
				ALWAYS_EMBED_SWIFT_STANDARD_LIBRARIES = YES;
				CODE_SIGN_STYLE = Automatic;
				DEVELOPMENT_TEAM = 6LS2B9CMEB;
				INFOPLIST_FILE = SvampeAtlasUITests/Info.plist;
				LD_RUNPATH_SEARCH_PATHS = "$(inherited) @executable_path/Frameworks @loader_path/Frameworks";
				PRODUCT_BUNDLE_IDENTIFIER = com.naturHistoriskMuseum.SvampeAtlasUITests;
				PRODUCT_NAME = "$(TARGET_NAME)";
				SWIFT_VERSION = 4.0;
				TARGETED_DEVICE_FAMILY = "1,2";
				TEST_TARGET_NAME = SvampeAtlas;
			};
			name = Release;
		};
/* End XCBuildConfiguration section */

/* Begin XCConfigurationList section */
		4A69BC712038D96500D3B88B /* Build configuration list for PBXProject "SvampeAtlas" */ = {
			isa = XCConfigurationList;
			buildConfigurations = (
				4A69BC9F2038D96500D3B88B /* Debug */,
				4A69BCA02038D96500D3B88B /* Release */,
			);
			defaultConfigurationIsVisible = 0;
			defaultConfigurationName = Release;
		};
		4A69BCA12038D96500D3B88B /* Build configuration list for PBXNativeTarget "SvampeAtlas" */ = {
			isa = XCConfigurationList;
			buildConfigurations = (
				4A69BCA22038D96500D3B88B /* Debug */,
				4A69BCA32038D96500D3B88B /* Release */,
			);
			defaultConfigurationIsVisible = 0;
			defaultConfigurationName = Release;
		};
		4A69BCA42038D96500D3B88B /* Build configuration list for PBXNativeTarget "SvampeAtlasTests" */ = {
			isa = XCConfigurationList;
			buildConfigurations = (
				4A69BCA52038D96500D3B88B /* Debug */,
				4A69BCA62038D96500D3B88B /* Release */,
			);
			defaultConfigurationIsVisible = 0;
			defaultConfigurationName = Release;
		};
		4A69BCA72038D96500D3B88B /* Build configuration list for PBXNativeTarget "SvampeAtlasUITests" */ = {
			isa = XCConfigurationList;
			buildConfigurations = (
				4A69BCA82038D96500D3B88B /* Debug */,
				4A69BCA92038D96500D3B88B /* Release */,
			);
			defaultConfigurationIsVisible = 0;
			defaultConfigurationName = Release;
		};
/* End XCConfigurationList section */

/* Begin XCVersionGroup section */
		4A69BC802038D96500D3B88B /* SvampeAtlas.xcdatamodeld */ = {
			isa = XCVersionGroup;
			children = (
				4A69BC812038D96500D3B88B /* SvampeAtlas.xcdatamodel */,
			);
			currentVersion = 4A69BC812038D96500D3B88B /* SvampeAtlas.xcdatamodel */;
			path = SvampeAtlas.xcdatamodeld;
			sourceTree = "<group>";
			versionGroupType = wrapper.xcdatamodel;
		};
/* End XCVersionGroup section */
	};
	rootObject = 4A69BC6E2038D96500D3B88B /* Project object */;
}
