<?xml version="1.0" encoding="UTF-8"?>
<Scheme
   version = "1.3">
   <BuildAction>
      <BuildActionEntries>
         <BuildActionEntry
            buildForRunning = "YES">
            <BuildableReference
               BuildableIdentifier = "primary"
               BlueprintIdentifier = "4A69BC752038D96500D3B88B"
               BuildableName = "Danmarks Svampeatlas.app"
               BlueprintName = "Danmarks Svampeatlas"
               ReferencedContainer = "container:Danmarks Svampeatlas.xcodeproj">
            </BuildableReference>
         </BuildActionEntry>
      </BuildActionEntries>
   </BuildAction>
   <LaunchAction
      useCustomWorkingDirectory = "NO"
      buildConfiguration = "Debug"
      allowLocationSimulation = "YES"
      language = "da">
      <BuildableProductRunnable>
         <BuildableReference
            BuildableIdentifier = "primary"
            BlueprintIdentifier = "4A69BC752038D96500D3B88B"
            BuildableName = "Danmarks Svampeatlas.app"
            BlueprintName = "Danmarks Svampeatlas"
            ReferencedContainer = "container:Danmarks Svampeatlas.xcodeproj">
         </BuildableReference>
      </BuildableProductRunnable>
   </LaunchAction>
</Scheme>
